{
  "version": 4,
  "terraform_version": "1.7.3",
  "serial": 35,
  "lineage": "41ebca8f-a38d-093a-ea19-5338b03738eb",
  "outputs": {
    "kubernetes_cluster_host": {
      "value": "35.224.130.208",
      "type": "string"
    },
    "kubernetes_cluster_name": {
      "value": "mlops-414313-gke",
      "type": "string"
    },
    "project_id": {
      "value": "mlops-414313",
      "type": "string"
    },
    "region": {
      "value": "us-central1",
      "type": "string"
    }
  },
  "resources": [
    {
      "mode": "managed",
      "type": "google_container_cluster",
      "name": "primary",
      "provider": "provider[\"registry.terraform.io/hashicorp/google\"]",
      "instances": [
        {
          "schema_version": 1,
          "attributes": {
            "addons_config": [
              {
                "cloudrun_config": [],
                "config_connector_config": [],
                "dns_cache_config": [],
                "gce_persistent_disk_csi_driver_config": [
                  {
                    "enabled": true
                  }
                ],
                "gcp_filestore_csi_driver_config": [],
                "gcs_fuse_csi_driver_config": [],
                "gke_backup_agent_config": [],
                "horizontal_pod_autoscaling": [],
                "http_load_balancing": [],
                "network_policy_config": [
                  {
                    "disabled": true
                  }
                ]
              }
            ],
            "allow_net_admin": null,
            "authenticator_groups_config": [],
            "binary_authorization": [
              {
                "enabled": false,
                "evaluation_mode": ""
              }
            ],
            "cluster_autoscaling": [
              {
                "auto_provisioning_defaults": [],
                "enabled": false,
                "resource_limits": []
              }
            ],
            "cluster_ipv4_cidr": "10.0.0.0/14",
            "confidential_nodes": [],
            "cost_management_config": [],
            "database_encryption": [
              {
                "key_name": "",
                "state": "DECRYPTED"
              }
            ],
            "datapath_provider": "",
            "default_max_pods_per_node": null,
            "default_snat_status": [
              {
                "disabled": false
              }
            ],
            "description": "",
            "dns_config": [],
            "enable_autopilot": false,
            "enable_binary_authorization": false,
            "enable_intranode_visibility": false,
            "enable_k8s_beta_apis": [],
            "enable_kubernetes_alpha": false,
            "enable_l4_ilb_subsetting": false,
            "enable_legacy_abac": false,
            "enable_shielded_nodes": true,
            "enable_tpu": false,
            "endpoint": "35.224.130.208",
            "gateway_api_config": [],
            "id": "projects/mlops-414313/locations/us-central1/clusters/mlops-414313-gke",
            "initial_node_count": 1,
            "ip_allocation_policy": [],
            "label_fingerprint": "a9dc16a7",
            "location": "us-central1",
            "logging_config": [
              {
                "enable_components": [
                  "SYSTEM_COMPONENTS",
                  "WORKLOADS"
                ]
              }
            ],
            "logging_service": "logging.googleapis.com/kubernetes",
            "maintenance_policy": [],
            "master_auth": [
              {
                "client_certificate": "",
                "client_certificate_config": [
                  {
                    "issue_client_certificate": false
                  }
                ],
                "client_key": "",
                "cluster_ca_certificate": "LS0tLS1CRUdJTiBDRVJUSUZJQ0FURS0tLS0tCk1JSUVMRENDQXBTZ0F3SUJBZ0lRUGZ0enJtalczWDk1ZDgvRUpCTm5HREFOQmdrcWhraUc5dzBCQVFzRkFEQXYKTVMwd0t3WURWUVFERXlSbE5tVTVaRFZpTUMxaU56azFMVFJtTnpBdFlqUXhNUzFtTm1WbU1Ua3dOelZoWmpFdwpJQmNOTWpRd01qRTJNRGt6TnpRMFdoZ1BNakExTkRBeU1EZ3hNRE0zTkRSYU1DOHhMVEFyQmdOVkJBTVRKR1UyClpUbGtOV0l3TFdJM09UVXROR1kzTUMxaU5ERXhMV1kyWldZeE9UQTNOV0ZtTVRDQ0FhSXdEUVlKS29aSWh2Y04KQVFFQkJRQURnZ0dQQURDQ0FZb0NnZ0dCQU55Zzh6MFYwNEZobkxwbzZ4bXVuTTZ2MllRaVdoT2lET3NTUmdBZQorUWRNZ3hkVHBVYkkxdEhJc3pPWUlzUjJQeWFaYVl4Y1BqSnZxRGlJaU1zbUxRSXpIZTVCUjlzRm5yc3RMMGVECm13TVJ0d3lRVUpjbnViSkFzZkJnZlB0SmFBR2J2OG1uUHhhQ055NUFjVE1NeFIzREpNeEc5MzEwektLRmh1V3MKWmVWc1NUSUJCRWNQWGRXK25saFFtcnExcEZpdi9nNEVpV0QzYW83VXJaUzB3aGNqVm83aEhOak9yemJMbWlZNAptbWc2OXBqTzdnK3RWK0JaRmF6bnJMRWc1ZzM2UHBrR2I2ZHJsbGhpeHhFSnhPdnkybVNVM21JNkQ2Q2I4ZlUxCkltZE5hajh6T1pTSFAwbXVuSllKcEdpZVI4QWp0UFlYRU5GYkh3THJXcnV1Qm9VdzlMSDkxVkkrNmRDTUVYZEMKQ0pYeUpsdEMvUVpCYUVCVWgzYzlyVHhIWE1URU5yYURnTkxCWXdPaDJ1QmMyV1V3OWE3OE1PWEhkRW1zcVBzMApveWFDenJKRlNkREIrZUV5NHRhazg2MkRLWVNqYldDbFpDMzAxTFVNRUcralR5Ym1UTWIzaDkyTkFLeUcxalBVClZsRU1nSlB4c0R2U2lsak95ZEUvdzhPbGF3SURBUUFCbzBJd1FEQU9CZ05WSFE4QkFmOEVCQU1DQWdRd0R3WUQKVlIwVEFRSC9CQVV3QXdFQi96QWRCZ05WSFE0RUZnUVVrWGI4QU85Tnl3VlkwaDBLYmprbi95eGRhYzh3RFFZSgpLb1pJaHZjTkFRRUxCUUFEZ2dHQkFNeHU0b1NNZ2ZxdFlNb3FUY1c2anRlNzN6SjdOa1hrWkRXK0ZwSnZjK0RDCk8zdWxvYU1BbGRLRWZsNWFVam0vS3U3UmJTTm8xbmt4T3hOSlhvMDdIYjNYUmkyUHEyc1MvTlcwQVJYU0hMNE8KM3BMVWRNdk9HN1JQVmtQbWJiQ0I1QzVuVGZ5eVg1c0M1YUxIMktyTzBUSDVUTkxwQUJMV3RGbS9CTE5ubVlDYQp1cDdSRDJQenZzN2NxMkF6V0lUb0NRZTdPOEpyVzFlaFQ2V2lITGtjRGZmWml6NSt1a0FTTG1tMXVGV0dlUFI3CldpQlRwRFRwUG5mZ2VzdjkzUWdPaTM2aG5WVmpiN3B5eGNzbXhrcmp0dzkrTzhLTUVEc2w2K1pKbVBOQnMwVU8KU1F6U2NVSnlQTzZjQUVFUzZTRE82NUwrTHgrWVZwNThkS0dYTWg4S2tpZ0NXdmpsK3Q1TkZWcWYvR3pxYUlNTQpTOU5GdFd5b2JrdmlQOXBTYjZwZUk2MGJwL0V0QUI1R1lGZHRJQlVyRDUwRnptWE1Iaml6T1JpekE4dmpvRVJNCnFGVFJiOFkzUDJtbUNodXFJTEJRUW1sZFZPMXJORjlpeHNIYUVibGMwOEFVc1FFeW1HaUwzN1NWNzRmMjFBY3oKMjZUcnd0QWJPcEdDZ1JHVm56UWtBUT09Ci0tLS0tRU5EIENFUlRJRklDQVRFLS0tLS0K"
              }
            ],
            "master_authorized_networks_config": [],
            "master_version": "1.27.8-gke.1067004",
            "mesh_certificates": [],
            "min_master_version": null,
            "monitoring_config": [
              {
                "advanced_datapath_observability_config": [
                  {
                    "enable_metrics": false,
                    "relay_mode": ""
                  }
                ],
                "enable_components": [
                  "SYSTEM_COMPONENTS"
                ],
                "managed_prometheus": [
                  {
                    "enabled": true
                  }
                ]
              }
            ],
            "monitoring_service": "monitoring.googleapis.com/kubernetes",
            "name": "mlops-414313-gke",
            "network": "projects/mlops-414313/global/networks/default",
            "network_policy": [
              {
                "enabled": false,
                "provider": "PROVIDER_UNSPECIFIED"
              }
            ],
            "networking_mode": "ROUTES",
            "node_config": [],
            "node_locations": [
              "us-central1-a",
              "us-central1-c",
              "us-central1-f"
            ],
            "node_pool": [],
            "node_pool_defaults": [
              {
                "node_config_defaults": [
                  {
                    "logging_variant": "DEFAULT"
                  }
                ]
              }
            ],
            "node_version": "1.27.8-gke.1067004",
            "notification_config": [
              {
                "pubsub": [
                  {
                    "enabled": false,
                    "filter": [],
                    "topic": ""
                  }
                ]
              }
            ],
            "operation": null,
            "private_cluster_config": [
              {
                "enable_private_endpoint": false,
                "enable_private_nodes": false,
                "master_global_access_config": [
                  {
                    "enabled": false
                  }
                ],
                "master_ipv4_cidr_block": "",
                "peering_name": "",
                "private_endpoint": "10.128.0.40",
                "private_endpoint_subnetwork": "",
                "public_endpoint": "35.224.130.208"
              }
            ],
            "private_ipv6_google_access": "",
            "project": "mlops-414313",
            "release_channel": [
              {
                "channel": "REGULAR"
              }
            ],
            "remove_default_node_pool": true,
            "resource_labels": null,
            "resource_usage_export_config": [],
            "security_posture_config": [
              {
                "mode": "BASIC",
                "vulnerability_mode": "VULNERABILITY_MODE_UNSPECIFIED"
              }
            ],
            "self_link": "https://container.googleapis.com/v1/projects/mlops-414313/locations/us-central1/clusters/mlops-414313-gke",
            "service_external_ips_config": [
              {
                "enabled": false
              }
            ],
            "services_ipv4_cidr": "10.3.240.0/20",
            "subnetwork": "projects/mlops-414313/regions/us-central1/subnetworks/default",
            "timeouts": null,
            "tpu_ipv4_cidr_block": "",
            "vertical_pod_autoscaling": [],
            "workload_identity_config": []
          },
          "sensitive_attributes": [],
          "private": "eyJlMmJmYjczMC1lY2FhLTExZTYtOGY4OC0zNDM2M2JjN2M0YzAiOnsiY3JlYXRlIjoyNDAwMDAwMDAwMDAwLCJkZWxldGUiOjI0MDAwMDAwMDAwMDAsInJlYWQiOjI0MDAwMDAwMDAwMDAsInVwZGF0ZSI6MzYwMDAwMDAwMDAwMH0sInNjaGVtYV92ZXJzaW9uIjoiMSJ9"
        }
      ]
    },
    {
      "mode": "managed",
      "type": "google_container_node_pool",
      "name": "primary_preemptible_nodes",
      "provider": "provider[\"registry.terraform.io/hashicorp/google\"]",
      "instances": [
        {
          "schema_version": 1,
          "attributes": {
            "autoscaling": [],
            "cluster": "mlops-414313-gke",
            "id": "projects/mlops-414313/locations/us-central1/clusters/mlops-414313-gke/nodePools/node-pool",
            "initial_node_count": 1,
            "instance_group_urls": [
              "https://www.googleapis.com/compute/v1/projects/mlops-414313/zones/us-central1-a/instanceGroupManagers/gke-mlops-414313-gke-node-pool-e53bfbaf-grp",
              "https://www.googleapis.com/compute/v1/projects/mlops-414313/zones/us-central1-f/instanceGroupManagers/gke-mlops-414313-gke-node-pool-410a62a2-grp",
              "https://www.googleapis.com/compute/v1/projects/mlops-414313/zones/us-central1-c/instanceGroupManagers/gke-mlops-414313-gke-node-pool-08bccb1a-grp"
            ],
            "location": "us-central1",
            "managed_instance_group_urls": [
              "https://www.googleapis.com/compute/v1/projects/mlops-414313/zones/us-central1-a/instanceGroups/gke-mlops-414313-gke-node-pool-e53bfbaf-grp",
              "https://www.googleapis.com/compute/v1/projects/mlops-414313/zones/us-central1-f/instanceGroups/gke-mlops-414313-gke-node-pool-410a62a2-grp",
              "https://www.googleapis.com/compute/v1/projects/mlops-414313/zones/us-central1-c/instanceGroups/gke-mlops-414313-gke-node-pool-08bccb1a-grp"
            ],
            "management": [
              {
                "auto_repair": true,
                "auto_upgrade": true
              }
            ],
            "max_pods_per_node": null,
            "name": "node-pool",
            "name_prefix": "",
            "network_config": [
              {
                "create_pod_range": false,
                "enable_private_nodes": false,
                "pod_cidr_overprovision_config": [],
                "pod_ipv4_cidr_block": "",
                "pod_range": ""
              }
            ],
            "node_config": [
              {
                "advanced_machine_features": [],
                "boot_disk_kms_key": "",
                "disk_size_gb": 100,
                "disk_type": "pd-balanced",
                "ephemeral_storage_local_ssd_config": [],
                "gcfs_config": [],
                "guest_accelerator": [],
                "gvnic": [],
                "host_maintenance_policy": [],
                "image_type": "COS_CONTAINERD",
                "kubelet_config": [],
                "labels": {},
                "linux_node_config": [],
                "local_nvme_ssd_block_config": [],
                "local_ssd_count": 0,
                "logging_variant": "DEFAULT",
                "machine_type": "e2-standard-8",
                "metadata": {
                  "disable-legacy-endpoints": "true"
                },
                "min_cpu_platform": "",
                "node_group": "",
                "oauth_scopes": [
                  "https://www.googleapis.com/auth/devstorage.read_only",
                  "https://www.googleapis.com/auth/logging.write",
                  "https://www.googleapis.com/auth/monitoring",
                  "https://www.googleapis.com/auth/service.management.readonly",
                  "https://www.googleapis.com/auth/servicecontrol",
                  "https://www.googleapis.com/auth/trace.append"
                ],
                "preemptible": true,
                "reservation_affinity": [],
                "resource_labels": null,
                "service_account": "default",
                "shielded_instance_config": [
                  {
                    "enable_integrity_monitoring": true,
                    "enable_secure_boot": false
                  }
                ],
                "sole_tenant_config": [],
                "spot": false,
                "tags": null,
                "taint": [],
                "workload_metadata_config": []
              }
            ],
            "node_count": 1,
            "node_locations": [
              "us-central1-a",
              "us-central1-c",
              "us-central1-f"
            ],
            "operation": null,
            "placement_policy": [],
            "project": "mlops-414313",
            "timeouts": null,
            "upgrade_settings": [
              {
                "blue_green_settings": [],
                "max_surge": 1,
                "max_unavailable": 0,
                "strategy": "SURGE"
              }
            ],
            "version": "1.27.8-gke.1067004"
          },
          "sensitive_attributes": [],
          "private": "eyJlMmJmYjczMC1lY2FhLTExZTYtOGY4OC0zNDM2M2JjN2M0YzAiOnsiY3JlYXRlIjoxODAwMDAwMDAwMDAwLCJkZWxldGUiOjE4MDAwMDAwMDAwMDAsInVwZGF0ZSI6MTgwMDAwMDAwMDAwMH0sInNjaGVtYV92ZXJzaW9uIjoiMSJ9",
          "dependencies": [
            "google_container_cluster.primary"
          ]
        }
      ]
    }
  ],
  "check_results": null
}
